
Microsoft Visual Studio Solution File, Format Version 12.00
# Visual Studio Version 17
VisualStudioVersion = 17.7.34221.43
MinimumVisualStudioVersion = 10.0.40219.1
Project("{FAE04EC0-301F-11D3-BF4B-00C04F79EFBC}") = "CS322-DZ04", "CS322-DZ04\CS322-DZ04.csproj", "{8AAAFC7F-7E07-4835-9BE2-9AF6298425EE}"
EndProject
Global
	GlobalSection(SolutionConfigurationPlatforms) = preSolution
		Debug|Any CPU = Debug|Any CPU
		Release|Any CPU = Release|Any CPU
	EndGlobalSection
	GlobalSection(ProjectConfigurationPlatforms) = postSolution
		{8AAAFC7F-7E07-4835-9BE2-9AF6298425EE}.Debug|Any CPU.ActiveCfg = Debug|Any CPU
		{8AAAFC7F-7E07-4835-9BE2-9AF6298425EE}.Debug|Any CPU.Build.0 = Debug|Any CPU
		{8AAAFC7F-7E07-4835-9BE2-9AF6298425EE}.Release|Any CPU.ActiveCfg = Release|Any CPU
		{8AAAFC7F-7E07-4835-9BE2-9AF6298425EE}.Release|Any CPU.Build.0 = Release|Any CPU
	EndGlobalSection
	GlobalSection(SolutionProperties) = preSolution
		HideSolutionNode = FALSE
	EndGlobalSection
	GlobalSection(ExtensibilityGlobals) = postSolution
		SolutionGuid = {2916E9ED-20AB-490B-9A91-5F566BDC2BDD}
	EndGlobalSection
EndGlobal
